<Solution>
  <Project Path="Ejercicio01/Ejercicio01.csproj" />
  <Project Path="Ejercicio02/Ejercicio02.csproj" />
  <Project Path="Ejercicio03/Ejercicio03.csproj" />
  <Project Path="Ejercicio04/Ejercicio04.csproj" />
  <Project Path="Ejercicio05/Ejercicio05.csproj" />
  <Project Path="Ejercicio06/Ejercicio06.csproj" />
</Solution>
